
Microsoft Visual Studio Solution File, Format Version 12.00
Project("{FAE04EC0-301F-11D3-BF4B-00C04F79EFBC}") = "CachedInventory", "CachedInventory\CachedInventory.csproj", "{6E5C2EA1-472E-4997-81E1-7D38E8821A50}"
EndProject
Project("{FAE04EC0-301F-11D3-BF4B-00C04F79EFBC}") = "CachedInventory.Tests", "CachedInventory.Tests\CachedInventory.Tests.csproj", "{041C05A6-0AA2-4EF5-937F-2425EFB0E7E7}"
EndProject
Global
	GlobalSection(SolutionConfigurationPlatforms) = preSolution
		Debug|Any CPU = Debug|Any CPU
		Release|Any CPU = Release|Any CPU
	EndGlobalSection
	GlobalSection(ProjectConfigurationPlatforms) = postSolution
		{6E5C2EA1-472E-4997-81E1-7D38E8821A50}.Debug|Any CPU.ActiveCfg = Debug|Any CPU
		{6E5C2EA1-472E-4997-81E1-7D38E8821A50}.Debug|Any CPU.Build.0 = Debug|Any CPU
		{6E5C2EA1-472E-4997-81E1-7D38E8821A50}.Release|Any CPU.ActiveCfg = Release|Any CPU
		{6E5C2EA1-472E-4997-81E1-7D38E8821A50}.Release|Any CPU.Build.0 = Release|Any CPU
		{041C05A6-0AA2-4EF5-937F-2425EFB0E7E7}.Debug|Any CPU.ActiveCfg = Debug|Any CPU
		{041C05A6-0AA2-4EF5-937F-2425EFB0E7E7}.Debug|Any CPU.Build.0 = Debug|Any CPU
		{041C05A6-0AA2-4EF5-937F-2425EFB0E7E7}.Release|Any CPU.ActiveCfg = Release|Any CPU
		{041C05A6-0AA2-4EF5-937F-2425EFB0E7E7}.Release|Any CPU.Build.0 = Release|Any CPU
	EndGlobalSection
EndGlobal
